
Microsoft Visual Studio Solution File, Format Version 12.00
# Visual Studio Version 17
VisualStudioVersion = 17.8.34309.116
MinimumVisualStudioVersion = 10.0.40219.1
Project("{9A19103F-16F7-4668-BE54-9A1E7A4F7556}") = "GameZone", "GameZone\GameZone.csproj", "{AE134A56-FBAE-458D-9D22-11F189E9413C}"
EndProject
Project("{FAE04EC0-301F-11D3-BF4B-00C04F79EFBC}") = "DAL", "DAL\DAL.csproj", "{287F4557-16A8-4B2C-97A9-BCFB95126385}"
EndProject
Project("{FAE04EC0-301F-11D3-BF4B-00C04F79EFBC}") = "BLL", "BLL\BLL.csproj", "{6081F2A5-C39A-4BE3-A104-F93EAE5C570B}"
EndProject
Global
	GlobalSection(SolutionConfigurationPlatforms) = preSolution
		Debug|Any CPU = Debug|Any CPU
		Release|Any CPU = Release|Any CPU
	EndGlobalSection
	GlobalSection(ProjectConfigurationPlatforms) = postSolution
		{AE134A56-FBAE-458D-9D22-11F189E9413C}.Debug|Any CPU.ActiveCfg = Debug|Any CPU
		{AE134A56-FBAE-458D-9D22-11F189E9413C}.Debug|Any CPU.Build.0 = Debug|Any CPU
		{AE134A56-FBAE-458D-9D22-11F189E9413C}.Release|Any CPU.ActiveCfg = Release|Any CPU
		{AE134A56-FBAE-458D-9D22-11F189E9413C}.Release|Any CPU.Build.0 = Release|Any CPU
		{287F4557-16A8-4B2C-97A9-BCFB95126385}.Debug|Any CPU.ActiveCfg = Debug|Any CPU
		{287F4557-16A8-4B2C-97A9-BCFB95126385}.Debug|Any CPU.Build.0 = Debug|Any CPU
		{287F4557-16A8-4B2C-97A9-BCFB95126385}.Release|Any CPU.ActiveCfg = Release|Any CPU
		{287F4557-16A8-4B2C-97A9-BCFB95126385}.Release|Any CPU.Build.0 = Release|Any CPU
		{6081F2A5-C39A-4BE3-A104-F93EAE5C570B}.Debug|Any CPU.ActiveCfg = Debug|Any CPU
		{6081F2A5-C39A-4BE3-A104-F93EAE5C570B}.Debug|Any CPU.Build.0 = Debug|Any CPU
		{6081F2A5-C39A-4BE3-A104-F93EAE5C570B}.Release|Any CPU.ActiveCfg = Release|Any CPU
		{6081F2A5-C39A-4BE3-A104-F93EAE5C570B}.Release|Any CPU.Build.0 = Release|Any CPU
	EndGlobalSection
	GlobalSection(SolutionProperties) = preSolution
		HideSolutionNode = FALSE
	EndGlobalSection
	GlobalSection(ExtensibilityGlobals) = postSolution
		SolutionGuid = {C3F1F093-465D-420A-9749-A9B6459255C2}
	EndGlobalSection
EndGlobal
